
Microsoft Visual Studio Solution File, Format Version 12.00
# Visual Studio 15
VisualStudioVersion = 15.0.28307.168
MinimumVisualStudioVersion = 10.0.40219.1
Project("{FAE04EC0-301F-11D3-BF4B-00C04F79EFBC}") = "MimicAPI", "MimicAPI\MimicAPI.csproj", "{D41AADBC-552C-48B4-965E-D83398A072DB}"
EndProject
Global
	GlobalSection(SolutionConfigurationPlatforms) = preSolution
		Debug|Any CPU = Debug|Any CPU
		Release|Any CPU = Release|Any CPU
	EndGlobalSection
	GlobalSection(ProjectConfigurationPlatforms) = postSolution
		{D41AADBC-552C-48B4-965E-D83398A072DB}.Debug|Any CPU.ActiveCfg = Debug|Any CPU
		{D41AADBC-552C-48B4-965E-D83398A072DB}.Debug|Any CPU.Build.0 = Debug|Any CPU
		{D41AADBC-552C-48B4-965E-D83398A072DB}.Release|Any CPU.ActiveCfg = Release|Any CPU
		{D41AADBC-552C-48B4-965E-D83398A072DB}.Release|Any CPU.Build.0 = Release|Any CPU
	EndGlobalSection
	GlobalSection(SolutionProperties) = preSolution
		HideSolutionNode = FALSE
	EndGlobalSection
	GlobalSection(ExtensibilityGlobals) = postSolution
		SolutionGuid = {0BCED34B-9507-486B-8F10-94CFFCA2F99F}
	EndGlobalSection
EndGlobal
